name: bovine-mito
channels:
  - conda-forge
  - bioconda
dependencies:
  - _openmp_mutex=4.5
  - bcftools=1.24
  - bwa=0.7.19
  - bzip2=1.0.8
  - c-ares=1.34.8
  - ca-certificates=2026.7.22
  - curl=8.22.0
  - fastp=1.3.7
  - gsl=2.6
  - htslib=1.24
  - icu=78.3
  - isa-l=2.32.1
  - keyutils=1.6.3
  - krb5=1.22.2
  - libblas=3.11.0
  - libcblas=3.11.0
  - libcurl=8.22.0
  - libdeflate=1.25
  - libedit=3.1.20250104
  - libev=4.33
  - libgcc=16.2.0
  - libgcc-ng=16.2.0
  - libgfortran=16.2.0
  - libgfortran5=16.2.0
  - libgomp=16.2.0
  - libhwy=1.3.0
  - libiconv=1.18
  - liblzma=5.8.3
  - libnghttp2=1.68.1
  - libopenblas=0.3.34
  - libpsl=0.23.1
  - libssh2=1.11.1
  - libstdcxx=16.2.0
  - libxcrypt=4.4.38
  - libxml2=2.14.6
  - libxml2-16=2.14.6
  - libzlib=1.3.2
  - ncurses=6.6
  - openssl=3.6.4
  - ossuuid=1.6.2
  - perl=5.32.1
  - perl-alien-build=2.84
  - perl-alien-build-plugin-download-gitlab=0.01
  - perl-alien-libxml2=0.20
  - perl-business-isbn=3.007
  - perl-business-isbn-data=20210112.006
  - perl-capture-tiny=0.48
  - perl-carp=1.50
  - perl-constant=1.33
  - perl-exporter=5.74
  - perl-extutils-makemaker=7.70
  - perl-ffi-checklib=0.28
  - perl-file-chdir=0.1011
  - perl-file-path=2.18
  - perl-file-temp=0.2304
  - perl-file-which=1.24
  - perl-importer=0.026
  - perl-parent=0.243
  - perl-path-tiny=0.150
  - perl-pathtools=3.75
  - perl-scope-guard=0.21
  - perl-sub-info=0.002
  - perl-term-table=0.028
  - perl-test-fatal=0.016
  - perl-test-warnings=0.031
  - perl-test2-suite=0.000163
  - perl-try-tiny=0.31
  - perl-uri=5.37
  - perl-xml-libxml=2.0210
  - perl-xml-namespacesupport=1.12
  - perl-xml-sax=1.02
  - perl-xml-sax-base=1.09
  - samtools=1.24
  - sra-tools=3.4.1
  - zstd=1.5.7
